<?xml version="1.0" encoding="utf-8"?>
<Project ToolsVersion="4.0" xmlns="http://schemas.microsoft.com/developer/msbuild/2003">
  <ItemGroup>
    <Filter Include="源文件">
      <UniqueIdentifier>{4FC737F1-C7A5-4376-A066-2A32D752A2FF}</UniqueIdentifier>
      <Extensions>cpp;c;cc;cxx;c++;cppm;ixx;def;odl;idl;hpj;bat;asm;asmx</Extensions>
    </Filter>
    <Filter Include="头文件">
      <UniqueIdentifier>{93995380-89BD-4b04-88EB-625FBE52EBFB}</UniqueIdentifier>
      <Extensions>h;hh;hpp;hxx;h++;hm;inl;inc;ipp;xsd</Extensions>
    </Filter>
    <Filter Include="资源文件">
      <UniqueIdentifier>{67DA6AB6-F800-4c08-8B7A-83BB121AAD01}</UniqueIdentifier>
      <Extensions>rc;ico;cur;bmp;dlg;rc2;rct;bin;rgs;gif;jpg;jpeg;jpe;resx;tiff;tif;png;wav;mfcribbon-ms</Extensions>
    </Filter>
    <Filter Include="头文件\MouseFx">
      <UniqueIdentifier>{C964B3C6-4F49-4F23-9A75-4B9EC6E49A93}</UniqueIdentifier>
    </Filter>
    <Filter Include="源文件\MouseFx">
      <UniqueIdentifier>{E7EE45A7-94C9-4B1C-97B1-63AB0E7DA8DE}</UniqueIdentifier>
    </Filter>
    <Filter Include="头文件\UI\Tray">
      <UniqueIdentifier>{D0A4770E-35DB-4ED9-8449-2BF1D4D16533}</UniqueIdentifier>
    </Filter>
    <Filter Include="源文件\UI\Tray">
      <UniqueIdentifier>{BB4C1101-706E-4FEF-AFD4-4348B0230DC8}</UniqueIdentifier>
    </Filter>
    <Filter Include="头文件\UI\Settings">
      <UniqueIdentifier>{C30FD4F2-3EA5-4EFA-9D27-2C2A5588013E}</UniqueIdentifier>
    </Filter>
    <Filter Include="源文件\UI\Settings">
      <UniqueIdentifier>{8E035E5B-7D2E-4F0A-9D56-48C95E5DB16F}</UniqueIdentifier>
    </Filter>
    <Filter Include="头文件\UI\Frame">
      <UniqueIdentifier>{C2A05F42-AE12-40DD-8DF1-AB1E7A8C1EC0}</UniqueIdentifier>
    </Filter>
    <Filter Include="源文件\UI\Frame">
      <UniqueIdentifier>{1D2B38B4-9C8A-4F88-9A28-A95E6E0840AE}</UniqueIdentifier>
    </Filter>
    <Filter Include="头文件\UI\Panes">
      <UniqueIdentifier>{0BA3EC56-2A14-49E2-BC65-719438DE6F0C}</UniqueIdentifier>
    </Filter>
    <Filter Include="源文件\UI\Panes">
      <UniqueIdentifier>{A68BFC3E-7F86-4CD4-80F7-0A6E23EF0E67}</UniqueIdentifier>
    </Filter>
    <Filter Include="头文件\UI\DocView">
      <UniqueIdentifier>{DAA0E9EB-67DB-4134-9C08-0DCEB67820E1}</UniqueIdentifier>
    </Filter>
    <Filter Include="源文件\UI\DocView">
      <UniqueIdentifier>{2F165E40-04A3-4EDE-9BE7-0452268D49A4}</UniqueIdentifier>
    </Filter>
  </ItemGroup>
  <ItemGroup>
    <ClInclude Include="MFCMouseEffect.h">
      <Filter>头文件</Filter>
    </ClInclude>
    <ClInclude Include="framework.h">
      <Filter>头文件</Filter>
    </ClInclude>
    <ClInclude Include="targetver.h">
      <Filter>头文件</Filter>
    </ClInclude>
    <ClInclude Include="UI\Frame\MainFrm.h">
      <Filter>头文件\UI\Frame</Filter>
    </ClInclude>
    <ClInclude Include="UI\Frame\ChildFrm.h">
      <Filter>头文件\UI\Frame</Filter>
    </ClInclude>
    <ClInclude Include="UI\DocView\MFCMouseEffectDoc.h">
      <Filter>头文件\UI\DocView</Filter>
    </ClInclude>
    <ClInclude Include="UI\DocView\MFCMouseEffectView.h">
      <Filter>头文件\UI\DocView</Filter>
    </ClInclude>
    <ClInclude Include="Resource.h">
      <Filter>头文件</Filter>
    </ClInclude>
    <ClInclude Include="UI\Panes\FileView.h">
      <Filter>头文件\UI\Panes</Filter>
    </ClInclude>
    <ClInclude Include="UI\Panes\ClassView.h">
      <Filter>头文件\UI\Panes</Filter>
    </ClInclude>
    <ClInclude Include="UI\Panes\ViewTree.h">
      <Filter>头文件\UI\Panes</Filter>
    </ClInclude>
    <ClInclude Include="UI\Panes\OutputWnd.h">
      <Filter>头文件\UI\Panes</Filter>
    </ClInclude>
    <ClInclude Include="UI\Panes\PropertiesWnd.h">
      <Filter>头文件\UI\Panes</Filter>
    </ClInclude>
    <ClInclude Include="pch.h">
      <Filter>头文件</Filter>
    </ClInclude>
    <ClInclude Include="MouseFx\Core\AppController.h">
      <Filter>头文件\MouseFx</Filter>
    </ClInclude>
    <ClInclude Include="MouseFx\Core\GdiPlusSession.h">
      <Filter>头文件\MouseFx</Filter>
    </ClInclude>
    <ClInclude Include="MouseFx\Core\GlobalMouseHook.h">
      <Filter>头文件\MouseFx</Filter>
    </ClInclude>
    <ClInclude Include="MouseFx\Core\MouseFxMessages.h">
      <Filter>头文件\MouseFx</Filter>
    </ClInclude>
    <ClInclude Include="MouseFx\Styles\RippleStyle.h">
      <Filter>头文件\MouseFx</Filter>
    </ClInclude>
    <ClInclude Include="MouseFx\Windows\RippleWindow.h">
      <Filter>头文件\MouseFx</Filter>
    </ClInclude>
    <ClInclude Include="MouseFx\Windows\RippleWindowPool.h">
      <Filter>头文件\MouseFx</Filter>
    </ClInclude>
    <ClInclude Include="MouseFx\Styles\ThemeStyle.h">
      <Filter>头文件\MouseFx</Filter>
    </ClInclude>
    <ClInclude Include="UI\Tray\TrayHostWnd.h">
      <Filter>头文件\UI\Tray</Filter>
    </ClInclude>
    <ClInclude Include="UI\Tray\TrayMenuBuilder.h">
      <Filter>头文件\UI\Tray</Filter>
    </ClInclude>
    <ClInclude Include="UI\Tray\TrayMenuCommands.h">
      <Filter>头文件\UI\Tray</Filter>
    </ClInclude>
    <ClInclude Include="UI\Settings\SettingsWnd.h">
      <Filter>头文件\UI\Settings</Filter>
    </ClInclude>
    <ClInclude Include="UI\Settings\EmojiPreviewWnd.h">
      <Filter>头文件\UI\Settings</Filter>
    </ClInclude>
    <ClInclude Include="Settings\SettingsBackend.h">
      <Filter>头文件</Filter>
    </ClInclude>
    <ClInclude Include="Settings\SettingsModel.h">
      <Filter>头文件</Filter>
    </ClInclude>
    <ClInclude Include="Settings\SettingsOptions.h">
      <Filter>头文件</Filter>
    </ClInclude>
  </ItemGroup>
  <ItemGroup>
    <ClCompile Include="MFCMouseEffect.cpp">
      <Filter>源文件</Filter>
    </ClCompile>
    <ClCompile Include="UI\Frame\MainFrm.cpp">
      <Filter>源文件\UI\Frame</Filter>
    </ClCompile>
    <ClCompile Include="UI\Frame\ChildFrm.cpp">
      <Filter>源文件\UI\Frame</Filter>
    </ClCompile>
    <ClCompile Include="UI\DocView\MFCMouseEffectDoc.cpp">
      <Filter>源文件\UI\DocView</Filter>
    </ClCompile>
    <ClCompile Include="UI\DocView\MFCMouseEffectView.cpp">
      <Filter>源文件\UI\DocView</Filter>
    </ClCompile>
    <ClCompile Include="UI\Panes\FileView.cpp">
      <Filter>源文件\UI\Panes</Filter>
    </ClCompile>
    <ClCompile Include="UI\Panes\ClassView.cpp">
      <Filter>源文件\UI\Panes</Filter>
    </ClCompile>
    <ClCompile Include="UI\Panes\ViewTree.cpp">
      <Filter>源文件\UI\Panes</Filter>
    </ClCompile>
    <ClCompile Include="UI\Panes\OutputWnd.cpp">
      <Filter>源文件\UI\Panes</Filter>
    </ClCompile>
    <ClCompile Include="UI\Panes\PropertiesWnd.cpp">
      <Filter>源文件\UI\Panes</Filter>
    </ClCompile>
    <ClCompile Include="pch.cpp">
      <Filter>源文件</Filter>
    </ClCompile>
    <ClCompile Include="MouseFx\Core\AppController.cpp">
      <Filter>源文件\MouseFx</Filter>
    </ClCompile>
    <ClCompile Include="MouseFx\Core\GlobalMouseHook.cpp">
      <Filter>源文件\MouseFx</Filter>
    </ClCompile>
    <ClCompile Include="MouseFx\Windows\RippleWindow.cpp">
      <Filter>源文件\MouseFx</Filter>
    </ClCompile>
    <ClCompile Include="MouseFx\Windows\RippleWindowPool.cpp">
      <Filter>源文件\MouseFx</Filter>
    </ClCompile>
    <ClCompile Include="MouseFx\Styles\ThemeStyle.cpp">
      <Filter>源文件\MouseFx</Filter>
    </ClCompile>
    <ClCompile Include="UI\Tray\TrayHostWnd.cpp">
      <Filter>源文件\UI\Tray</Filter>
    </ClCompile>
    <ClCompile Include="UI\Tray\TrayMenuBuilder.cpp">
      <Filter>源文件\UI\Tray</Filter>
    </ClCompile>
    <ClCompile Include="UI\Settings\SettingsWnd.cpp">
      <Filter>源文件\UI\Settings</Filter>
    </ClCompile>
    <ClCompile Include="UI\Settings\SettingsWnd.Emoji.cpp">
      <Filter>源文件\UI\Settings</Filter>
    </ClCompile>
    <ClCompile Include="UI\Settings\EmojiPreviewWnd.cpp">
      <Filter>源文件\UI\Settings</Filter>
    </ClCompile>
    <ClCompile Include="Settings\SettingsBackend.cpp">
      <Filter>源文件</Filter>
    </ClCompile>
  </ItemGroup>
  <ItemGroup>
    <ResourceCompile Include="MFCMouseEffect.rc">
      <Filter>资源文件</Filter>
    </ResourceCompile>
  </ItemGroup>
  <ItemGroup>
    <Image Include="res\file_view.ico">
      <Filter>资源文件</Filter>
    </Image>
    <Image Include="res\file_view_hc.ico">
      <Filter>资源文件</Filter>
    </Image>
    <Image Include="res\class_view.ico">
      <Filter>资源文件</Filter>
    </Image>
    <Image Include="res\class_view_hc.ico">
      <Filter>资源文件</Filter>
    </Image>
    <Image Include="res\fileview.bmp">
      <Filter>资源文件</Filter>
    </Image>
    <Image Include="res\fileview_hc.bmp">
      <Filter>资源文件</Filter>
    </Image>
    <Image Include="res\classview.bmp">
      <Filter>资源文件</Filter>
    </Image>
    <Image Include="res\classview_hc.bmp">
      <Filter>资源文件</Filter>
    </Image>
    <Image Include="res\explorer.bmp">
      <Filter>资源文件</Filter>
    </Image>
    <Image Include="res\explorer_hc.bmp">
      <Filter>资源文件</Filter>
    </Image>
    <Image Include="res\sort.bmp">
      <Filter>资源文件</Filter>
    </Image>
    <Image Include="res\sort_hc.bmp">
      <Filter>资源文件</Filter>
    </Image>
    <Image Include="res\menuimages.bmp">
      <Filter>资源文件</Filter>
    </Image>
    <Image Include="res\menuimages_hc.bmp">
      <Filter>资源文件</Filter>
    </Image>
    <Image Include="res\output_wnd.ico">
      <Filter>资源文件</Filter>
    </Image>
    <Image Include="res\output_wnd_hc.ico">
      <Filter>资源文件</Filter>
    </Image>
    <Image Include="res\properties_wnd.ico">
      <Filter>资源文件</Filter>
    </Image>
    <Image Include="res\properties_wnd_hc.ico">
      <Filter>资源文件</Filter>
    </Image>
    <Image Include="res\properties.bmp">
      <Filter>资源文件</Filter>
    </Image>
    <Image Include="res\properties_hc.bmp">
      <Filter>资源文件</Filter>
    </Image>
    <Image Include="res\userimages.bmp">
      <Filter>资源文件</Filter>
    </Image>
    <Image Include="res\MFCMouseEffectDoc.ico">
      <Filter>资源文件</Filter>
    </Image>
    <Image Include="res\MFCMouseEffect.ico">
      <Filter>资源文件</Filter>
    </Image>
    <Image Include="res\Toolbar.bmp">
      <Filter>资源文件</Filter>
    </Image>
    <Image Include="res\Toolbar256.bmp">
      <Filter>资源文件</Filter>
    </Image>
  </ItemGroup>
  <ItemGroup>
    <None Include="res\MFCMouseEffect.rc2">
      <Filter>资源文件</Filter>
    </None>
  </ItemGroup>
</Project>
